
Microsoft Visual Studio Solution File, Format Version 12.00
# Visual Studio Version 16
VisualStudioVersion = 16.0.31702.278
MinimumVisualStudioVersion = 10.0.40219.1
Project("{FAE04EC0-301F-11D3-BF4B-00C04F79EFBC}") = "Sekak", "Sekak\Sekak.csproj", "{390350F3-3DB8-463E-B95F-CB505CCA26CC}"
EndProject
Project("{FAE04EC0-301F-11D3-BF4B-00C04F79EFBC}") = "AppCore", "AppCore\AppCore.csproj", "{545ADA74-5C5E-4001-8171-A333999A91D6}"
EndProject
Project("{FAE04EC0-301F-11D3-BF4B-00C04F79EFBC}") = "Business", "Business\Business.csproj", "{99BAE806-07DE-449E-87D4-4DF76CC62E75}"
EndProject
Project("{FAE04EC0-301F-11D3-BF4B-00C04F79EFBC}") = "Entity", "Entity\Entity.csproj", "{DD6B7CCF-5F1A-459E-84BD-68F203D5FD5C}"
EndProject
Project("{FAE04EC0-301F-11D3-BF4B-00C04F79EFBC}") = "DataAccess", "DataAccess\DataAccess.csproj", "{C9945C58-7915-4092-B23E-C42266538EE3}"
EndProject
Global
	GlobalSection(SolutionConfigurationPlatforms) = preSolution
		Debug|Any CPU = Debug|Any CPU
		Release|Any CPU = Release|Any CPU
	EndGlobalSection
	GlobalSection(ProjectConfigurationPlatforms) = postSolution
		{390350F3-3DB8-463E-B95F-CB505CCA26CC}.Debug|Any CPU.ActiveCfg = Debug|Any CPU
		{390350F3-3DB8-463E-B95F-CB505CCA26CC}.Debug|Any CPU.Build.0 = Debug|Any CPU
		{390350F3-3DB8-463E-B95F-CB505CCA26CC}.Release|Any CPU.ActiveCfg = Release|Any CPU
		{390350F3-3DB8-463E-B95F-CB505CCA26CC}.Release|Any CPU.Build.0 = Release|Any CPU
		{545ADA74-5C5E-4001-8171-A333999A91D6}.Debug|Any CPU.ActiveCfg = Debug|Any CPU
		{545ADA74-5C5E-4001-8171-A333999A91D6}.Debug|Any CPU.Build.0 = Debug|Any CPU
		{545ADA74-5C5E-4001-8171-A333999A91D6}.Release|Any CPU.ActiveCfg = Release|Any CPU
		{545ADA74-5C5E-4001-8171-A333999A91D6}.Release|Any CPU.Build.0 = Release|Any CPU
		{99BAE806-07DE-449E-87D4-4DF76CC62E75}.Debug|Any CPU.ActiveCfg = Debug|Any CPU
		{99BAE806-07DE-449E-87D4-4DF76CC62E75}.Debug|Any CPU.Build.0 = Debug|Any CPU
		{99BAE806-07DE-449E-87D4-4DF76CC62E75}.Release|Any CPU.ActiveCfg = Release|Any CPU
		{99BAE806-07DE-449E-87D4-4DF76CC62E75}.Release|Any CPU.Build.0 = Release|Any CPU
		{DD6B7CCF-5F1A-459E-84BD-68F203D5FD5C}.Debug|Any CPU.ActiveCfg = Debug|Any CPU
		{DD6B7CCF-5F1A-459E-84BD-68F203D5FD5C}.Debug|Any CPU.Build.0 = Debug|Any CPU
		{DD6B7CCF-5F1A-459E-84BD-68F203D5FD5C}.Release|Any CPU.ActiveCfg = Release|Any CPU
		{DD6B7CCF-5F1A-459E-84BD-68F203D5FD5C}.Release|Any CPU.Build.0 = Release|Any CPU
		{C9945C58-7915-4092-B23E-C42266538EE3}.Debug|Any CPU.ActiveCfg = Debug|Any CPU
		{C9945C58-7915-4092-B23E-C42266538EE3}.Debug|Any CPU.Build.0 = Debug|Any CPU
		{C9945C58-7915-4092-B23E-C42266538EE3}.Release|Any CPU.ActiveCfg = Release|Any CPU
		{C9945C58-7915-4092-B23E-C42266538EE3}.Release|Any CPU.Build.0 = Release|Any CPU
	EndGlobalSection
	GlobalSection(SolutionProperties) = preSolution
		HideSolutionNode = FALSE
	EndGlobalSection
	GlobalSection(ExtensibilityGlobals) = postSolution
		SolutionGuid = {F391482B-717E-43DE-BEFD-C8F81D2F1E71}
	EndGlobalSection
EndGlobal
